
Microsoft Visual Studio Solution File, Format Version 12.00
# Visual Studio 15
VisualStudioVersion = 15.0.28307.106
MinimumVisualStudioVersion = 10.0.40219.1
Project("{9A19103F-16F7-4668-BE54-9A1E7A4F7556}") = "RestaurantScores", "RestaurantScores\RestaurantScores.csproj", "{5E296A0F-69C2-4E14-A881-5A4924A2EB8E}"
EndProject
Project("{FAE04EC0-301F-11D3-BF4B-00C04F79EFBC}") = "RestaurantScoresUnitTests", "RestaurantScoresUnitTests\RestaurantScoresUnitTests.csproj", "{63C92AC7-E85A-4AE5-A788-2030748DEA55}"
EndProject
Global
	GlobalSection(SolutionConfigurationPlatforms) = preSolution
		Debug|Any CPU = Debug|Any CPU
		Release|Any CPU = Release|Any CPU
	EndGlobalSection
	GlobalSection(ProjectConfigurationPlatforms) = postSolution
		{5E296A0F-69C2-4E14-A881-5A4924A2EB8E}.Debug|Any CPU.ActiveCfg = Debug|Any CPU
		{5E296A0F-69C2-4E14-A881-5A4924A2EB8E}.Debug|Any CPU.Build.0 = Debug|Any CPU
		{5E296A0F-69C2-4E14-A881-5A4924A2EB8E}.Release|Any CPU.ActiveCfg = Release|Any CPU
		{5E296A0F-69C2-4E14-A881-5A4924A2EB8E}.Release|Any CPU.Build.0 = Release|Any CPU
		{63C92AC7-E85A-4AE5-A788-2030748DEA55}.Debug|Any CPU.ActiveCfg = Debug|Any CPU
		{63C92AC7-E85A-4AE5-A788-2030748DEA55}.Debug|Any CPU.Build.0 = Debug|Any CPU
		{63C92AC7-E85A-4AE5-A788-2030748DEA55}.Release|Any CPU.ActiveCfg = Release|Any CPU
		{63C92AC7-E85A-4AE5-A788-2030748DEA55}.Release|Any CPU.Build.0 = Release|Any CPU
	EndGlobalSection
	GlobalSection(SolutionProperties) = preSolution
		HideSolutionNode = FALSE
	EndGlobalSection
	GlobalSection(ExtensibilityGlobals) = postSolution
		SolutionGuid = {8458AE1F-B840-4B7D-8196-BEEE9CB6551C}
	EndGlobalSection
EndGlobal
